{
    "_meta": {
        "hash": {
            "sha256": "fa96a967be967481011e8f8cadb5ec59d206c1514df4be9ea4555c96a9ed2759"
        },
        "pipfile-spec": 6,
        "requires": {
            "python_version": "3.12"
        },
        "sources": [
            {
                "name": "pypi",
                "url": "https://pypi.org/simple",
                "verify_ssl": true
            }
        ]
    },
    "default": {
        "numpy": {
            "hashes": [
                "sha256:016d0f6f5e77b0f0d45d77387ffa4bb89816b57c835580c3ce8e099ef830befe",
                "sha256:02135ade8b8a84011cbb67dc44e07c58f28575cf9ecf8ab304e51c05528c19f0",
                "sha256:08788d27a5fd867a663f6fc753fd7c3ad7e92747efc73c53bca2f19f8bc06f48",
                "sha256:0d30c543f02e84e92c4b1f415b7c6b5326cbe45ee7882b6b77db7195fb971e3a",
                "sha256:0fa14563cc46422e99daef53d725d0c326e99e468a9320a240affffe87852564",
                "sha256:13138eadd4f4da03074851a698ffa7e405f41a0845a6b1ad135b81596e4e9958",
                "sha256:14e253bd43fc6b37af4921b10f6add6925878a42a0c5fe83daee390bca80bc17",
                "sha256:15cb89f39fa6d0bdfb600ea24b250e5f1a3df23f901f51c8debaa6a5d122b2f0",
                "sha256:17ee83a1f4fef3c94d16dc1802b998668b5419362c8a4f4e8a491de1b41cc3ee",
                "sha256:2312b2aa89e1f43ecea6da6ea9a810d06aae08321609d8dc0d0eda6d946a541b",
                "sha256:2564fbdf2b99b3f815f2107c1bbc93e2de8ee655a69c261363a1172a79a257d4",
                "sha256:3522b0dfe983a575e6a9ab3a4a4dfe156c3e428468ff08ce582b9bb6bd1d71d4",
                "sha256:4394bc0dbd074b7f9b52024832d16e019decebf86caf909d94f6b3f77a8ee3b6",
                "sha256:45966d859916ad02b779706bb43b954281db43e185015df6eb3323120188f9e4",
                "sha256:4d1167c53b93f1f5d8a139a742b3c6f4d429b54e74e6b57d0eff40045187b15d",
                "sha256:4f2015dfe437dfebbfce7c85c7b53d81ba49e71ba7eadbf1df40c915af75979f",
                "sha256:50ca6aba6e163363f132b5c101ba078b8cbd3fa92c7865fd7d4d62d9779ac29f",
                "sha256:50d18c4358a0a8a53f12a8ba9d772ab2d460321e6a93d6064fc22443d189853f",
                "sha256:5641516794ca9e5f8a4d17bb45446998c6554704d888f86df9b200e66bdcce56",
                "sha256:576a1c1d25e9e02ed7fa5477f30a127fe56debd53b8d2c89d5578f9857d03ca9",
                "sha256:6a4825252fcc430a182ac4dee5a505053d262c807f8a924603d411f6718b88fd",
                "sha256:72dcc4a35a8515d83e76b58fdf8113a5c969ccd505c8a946759b24e3182d1f23",
                "sha256:747641635d3d44bcb380d950679462fae44f54b131be347d5ec2bce47d3df9ed",
                "sha256:762479be47a4863e261a840e8e01608d124ee1361e48b96916f38b119cfda04a",
                "sha256:78574ac2d1a4a02421f25da9559850d59457bac82f2b8d7a44fe83a64f770098",
                "sha256:825656d0743699c529c5943554d223c021ff0494ff1442152ce887ef4f7561a1",
                "sha256:8637dcd2caa676e475503d1f8fdb327bc495554e10838019651b76d17b98e512",
                "sha256:96fe52fcdb9345b7cd82ecd34547fca4321f7656d500eca497eb7ea5a926692f",
                "sha256:973faafebaae4c0aaa1a1ca1ce02434554d67e628b8d805e61f874b84e136b09",
                "sha256:996bb9399059c5b82f76b53ff8bb686069c05acc94656bb259b1d63d04a9506f",
                "sha256:a38c19106902bb19351b83802531fea19dee18e5b37b36454f27f11ff956f7fc",
                "sha256:a6b46587b14b888e95e4a24d7b13ae91fa22386c199ee7b418f449032b2fa3b8",
                "sha256:a9f7f672a3388133335589cfca93ed468509cb7b93ba3105fce780d04a6576a0",
                "sha256:aa08e04e08aaf974d4458def539dece0d28146d866a39da5639596f4921fd761",
                "sha256:b0df3635b9c8ef48bd3be5f862cf71b0a4716fa0e702155c45067c6b711ddcef",
                "sha256:b47fbb433d3260adcd51eb54f92a2ffbc90a4595f8970ee00e064c644ac788f5",
                "sha256:baed7e8d7481bfe0874b566850cb0b85243e982388b7b23348c6db2ee2b2ae8e",
                "sha256:bc6f24b3d1ecc1eebfbf5d6051faa49af40b03be1aaa781ebdadcbc090b4539b",
                "sha256:c006b607a865b07cd981ccb218a04fc86b600411d83d6fc261357f1c0966755d",
                "sha256:c181ba05ce8299c7aa3125c27b9c2167bca4a4445b7ce73d5febc411ca692e43",
                "sha256:c7662f0e3673fe4e832fe07b65c50342ea27d989f92c80355658c7f888fcc83c",
                "sha256:c80e4a09b3d95b4e1cac08643f1152fa71a0a821a2d4277334c88d54b2219a41",
                "sha256:c894b4305373b9c5576d7a12b473702afdf48ce5369c074ba304cc5ad8730dff",
                "sha256:d7aac50327da5d208db2eec22eb11e491e3fe13d22653dce51b0f4109101b408",
                "sha256:d89dd2b6da69c4fff5e39c28a382199ddedc3a5be5390115608345dec660b9e2",
                "sha256:d9beb777a78c331580705326d2367488d5bc473b49a9bc3036c154832520aca9",
                "sha256:dc258a761a16daa791081d026f0ed4399b582712e6fc887a95af09df10c5ca57",
                "sha256:e14e26956e6f1696070788252dcdff11b4aca4c3e8bd166e0df1bb8f315a67cb",
                "sha256:e6988e90fcf617da2b5c78902fe8e668361b43b4fe26dbf2d7b0f8034d4cafb9",
                "sha256:e711e02f49e176a01d0349d82cb5f05ba4db7d5e7e0defd026328e5cfb3226d3",
                "sha256:ea4dedd6e394a9c180b33c2c872b92f7ce0f8e7ad93e9585312b0c5a04777a4a",
                "sha256:ecc76a9ba2911d8d37ac01de72834d8849e55473457558e12995f4cd53e778e0",
                "sha256:f55ba01150f52b1027829b50d70ef1dafd9821ea82905b63936668403c3b471e",
                "sha256:f653490b33e9c3a4c1c01d41bc2aef08f9475af51146e4a7710c450cf9761598",
                "sha256:fa2d1337dc61c8dc417fbccf20f6d1e139896a30721b7f1e832b2bb6ef4eb6c4"
            ],
            "index": "pypi",
            "markers": "python_version >= '3.10'",
            "version": "==2.1.3"
        },
        "pygame-ce": {
            "hashes": [
                "sha256:0c1c728e7060eca42cdf1bf8b018055d47b3e18d44cdb7dbe1ef7df768513dde",
                "sha256:112a297ed53ba7a5460ffb692ce004dec0fe7ca8d67f3fee7ccb44ea46dda556",
                "sha256:18287dce6b56681b31f7ac4287a39c8b47c5ffea5f7c9b056781da268497fa61",
                "sha256:19887be5d3923c05cf9efa8ecaee562faffcbd98aaeab7e0f8d7e441b83aa966",
                "sha256:1c05036b5a02e9ea714ec0ae24c6d0f70e5ba067459b4cd9508d97de22204db1",
                "sha256:20ea7c6fc886c1108fc9c47716021d4660b319a3a4d109e9d06f3eb27bbfb5de",
                "sha256:23a75adeb896edf1d3b7b4de4b37bddbf910307b8787a7691c90c01a28b0dbf9",
                "sha256:291d9cd568bcc47254ac1d1366f99800c8e68fcbdf57ccd40841cfd1abdaa037",
                "sha256:2c22829e61a5b0554120cc49e7b32f7d2c5d8f136d51d371f5f76de8f1909822",
                "sha256:33d12ccdf0cf6267206940edd19c9cbc540356c02dbb418393cdf1287306a1cd",
                "sha256:3cbd53611763ac2c18fa0870ec5897e2532866b05f5e38835eb5d54676c21a9a",
                "sha256:42228780fd4a9a04309b4f748766efc4b81a1e17a31983bb2a73d9cb9dff30e5",
                "sha256:45b262949ee669f86455a3ec2ea57e4c9786046ce9bf7828719741683c6ef23b",
                "sha256:49564c79eaceb8ea229c595e784674aaca0e5811c40a064d1369cc9635f2c006",
                "sha256:4c6729df05d013bb8f1ab50165506f1649077cc632d16167d5c493c69673cad9",
                "sha256:587e03603186daa559d54be1c7afc04391d8bd51ff5796b46bf92867978165d8",
                "sha256:59a0eb48fd526a5b5e2d52fa180a3928495cbf8248752b0921e3d8d65b17ccaf",
                "sha256:60f7013954e722e4b74b44cd35e958d42b7f96cb89b922d585c1c5b4523501a0",
                "sha256:676ef3c87b6c073d016a8a728869b0b875f17ac9db2227dc2dcd6a92440d25b7",
                "sha256:6e8318bed014ee08c4661ab1dc2c5c95bf5ac51ea10c4db2bba8b6780283cb0a",
                "sha256:7a132f48403d2622ebd9d6365d75b3f756b436db0887b62c2c524f79fc0cc749",
                "sha256:7cfabd660cd83593d194f6d34efaf5187ab9697e8f5ece9c0f6a6d37d5b93318",
                "sha256:7ee3cec06545e544974e7b75546bf0290db634af3c8a264faa7f18bc1a0ffa77",
                "sha256:8ad453b2a93004c169a5ca5990132a49626c2cd40fb61c5e268e46f7f3c32eb1",
                "sha256:a12d3242098f87a2f7ad591ac93e4f82bdd6039648af28fecdf9d32d137e4e9f",
                "sha256:a222e093bddc471254d898d84ce88a085e7bb761c5b194f28b0a0c13bb6bd206",
                "sha256:a35199885030c8d41b74611d06fe16bf1f43342c3c155bab2898b507936ea8ec",
                "sha256:a5050b33bfdb488d129c94d18528846c1f7ffc5fa8f08ddcd47f43e77c71f4ae",
                "sha256:aa92c6cea0581ff1b15900c445a7c514f99c748e564c6b2de9d55ba697b58867",
                "sha256:abf0acb93f906f464f3e2bccbe61210ce4346a60b2e9bc8d5c1c7a400b28df7f",
                "sha256:b2ed215d347891cfa23ef381c3894a1347e87bf1a0c9ed82d2e83395861c571a",
                "sha256:b4b21c676288afbf64cfefaa729d67de5500115e6c5e1d2aa251bcfc06dce725",
                "sha256:b6d446927ff3e77306dee1325ff3d177d28a0069a8f1ceb396b1d5fe140fd85a",
                "sha256:ba25e1d9be0a0dcf00784732e34f275f94f1c8fe6e37eef91cbd955eb20addfb",
                "sha256:bc503d5a710663d51b5c1405492bd29770e53fc69451747b0b9bb4f3a21161ff",
                "sha256:bcc84939f9ef9d005eff442ac2442e469e3c34c88b57ade3e900ce0a323817f4",
                "sha256:bf29ca5ebd6698b4e5ee4083b8afe845a2ff40418e3b2ba1a8010643135af593",
                "sha256:bfce51fddef01b68853fb8c043e03116d129b4b11decba8568324aaea220fdd9",
                "sha256:c3e1cbc106705a255f0bfd36cea2c9ef0e61c4ea2de43b065b8104b682578508",
                "sha256:c8b5230d07a74356b84de00dd33fbd2643131a764f858c1729ca4ed9ac918522",
                "sha256:c919601f614d45c69b1cbd79820d13bcac5397bd266f67e96dcbdec2f60ddfcd",
                "sha256:ca802987b9b4471dbe7319241a92a95f77701d31147924f7601cf1b0aec48374",
                "sha256:cf4eaefeefde51f06e24b8055ab7e8b5dae8a3ba0f136137b61e1f5880a848df",
                "sha256:d70d0ca13a939cf063f9c11e6f18a07ee6a0a5197a93b9da1b2895afb134bca9",
                "sha256:da60f03332984c14561f5773dea0ce06a8ca2a132922870ea2c03097078042f4",
                "sha256:e2c39e67a5b68200455d58528bf22934400e2f6b371419a2ff61f585a37a504a",
                "sha256:e457343c1916c8e9655263d692150edee237b6041ec61758338294d6b3db9e85",
                "sha256:e6fea89761e949e8b8bee79ca954bea764e10f384959745517c4e402d594c189",
                "sha256:e802cfd1b9c0c4ebf3b958ea57d9ca2880295473198271cbceab00a79bdc96f8",
                "sha256:e97479753f303e481d210f44d2df48d81cb86da5b6becbfca520f674e345b30a",
                "sha256:ea2205837c5c3b0156cbb263420520834b735bd90a3e0c377b4ed92791261a1c",
                "sha256:ea3d4e74835554bba08ea44ac14b707e02574327e3e6d71b8ac176f6234cd952",
                "sha256:edd57ebeb70fac8c4a995a6ed849490fcc76ffe92701f1fe72ea75215a435258",
                "sha256:ef6035c2675f4913b2ba9a4ca76164c2d3c761d1b0dd50766272f54b570b00ee",
                "sha256:efd40a2fa86c48f3fd63f5a37c809d063c39b449872beb9b36a818be6d1d1a6c",
                "sha256:f69de2c294daba34c95ef11446ee605fd4e6599068810660811fb96e08c7f123",
                "sha256:f6d393f5ab0b0a1a1706c62d19a345fa7de5a49c1a925d78b72b7ba00ff79122",
                "sha256:f788aefb76bed53623ba33659182bacc5ad1670004b124c0a9285b65acd39da9",
                "sha256:fae0032ab06e44ccc94fd835e32df7130d31876e28a067923eccebdf41906c33",
                "sha256:fdea50f9904fb5f52957c2216966b3315424ab45a1a89157cd194ede93c95f71",
                "sha256:ff43ab25f8956adcaf6e17163e791fb04f31d60618b95ae279e61d1ecd0ff1a4"
            ],
            "index": "pypi",
            "markers": "python_version >= '3.8'",
            "version": "==2.5.2"
        }
    },
    "develop": {}
}
